
Microsoft Visual Studio Solution File, Format Version 12.00
# Visual Studio Version 17
VisualStudioVersion = 17.0.31903.59
MinimumVisualStudioVersion = 10.0.40219.1
Project("{2150E333-8FDC-42A3-9474-1A3956D46DE8}") = "example", "example", "{1D587995-D2B1-D47C-23B4-E8E972FA15E9}"
EndProject
Project("{FAE04EC0-301F-11D3-BF4B-00C04F79EFBC}") = "Cli", "example\Cli\Cli.csproj", "{08ACA69B-21EA-491A-A03E-8F1EBB9350C3}"
EndProject
Project("{FAE04EC0-301F-11D3-BF4B-00C04F79EFBC}") = "Azure", "example\Azure\Azure.csproj", "{189138A4-C330-4744-AF91-2D80F0380D46}"
EndProject
Project("{FAE04EC0-301F-11D3-BF4B-00C04F79EFBC}") = "Microsoft.ContentAuthenticity", "lib\Microsoft.ContentAuthenticity.csproj", "{5D3D7F83-7C71-073E-C4FF-A64C67DD295B}"
EndProject
Project("{FAE04EC0-301F-11D3-BF4B-00C04F79EFBC}") = "Microsoft.ContentAuthenticity.Tests", "tests\Microsoft.ContentAuthenticity.Tests.csproj", "{F7952285-E06C-1196-2039-95513390ACC2}"
EndProject
Global
	GlobalSection(SolutionConfigurationPlatforms) = preSolution
		Debug|Any CPU = Debug|Any CPU
		Release|Any CPU = Release|Any CPU
	EndGlobalSection
	GlobalSection(ProjectConfigurationPlatforms) = postSolution
		{08ACA69B-21EA-491A-A03E-8F1EBB9350C3}.Debug|Any CPU.ActiveCfg = Debug|Any CPU
		{08ACA69B-21EA-491A-A03E-8F1EBB9350C3}.Debug|Any CPU.Build.0 = Debug|Any CPU
		{08ACA69B-21EA-491A-A03E-8F1EBB9350C3}.Release|Any CPU.ActiveCfg = Release|Any CPU
		{08ACA69B-21EA-491A-A03E-8F1EBB9350C3}.Release|Any CPU.Build.0 = Release|Any CPU
		{189138A4-C330-4744-AF91-2D80F0380D46}.Debug|Any CPU.ActiveCfg = Debug|x64
		{189138A4-C330-4744-AF91-2D80F0380D46}.Debug|Any CPU.Build.0 = Debug|x64
		{189138A4-C330-4744-AF91-2D80F0380D46}.Release|Any CPU.ActiveCfg = Release|x64
		{189138A4-C330-4744-AF91-2D80F0380D46}.Release|Any CPU.Build.0 = Release|x64
		{5D3D7F83-7C71-073E-C4FF-A64C67DD295B}.Debug|Any CPU.ActiveCfg = Debug|Any CPU
		{5D3D7F83-7C71-073E-C4FF-A64C67DD295B}.Debug|Any CPU.Build.0 = Debug|Any CPU
		{5D3D7F83-7C71-073E-C4FF-A64C67DD295B}.Release|Any CPU.ActiveCfg = Release|Any CPU
		{5D3D7F83-7C71-073E-C4FF-A64C67DD295B}.Release|Any CPU.Build.0 = Release|Any CPU
		{F7952285-E06C-1196-2039-95513390ACC2}.Debug|Any CPU.ActiveCfg = Debug|Any CPU
		{F7952285-E06C-1196-2039-95513390ACC2}.Debug|Any CPU.Build.0 = Debug|Any CPU
		{F7952285-E06C-1196-2039-95513390ACC2}.Release|Any CPU.ActiveCfg = Release|Any CPU
		{F7952285-E06C-1196-2039-95513390ACC2}.Release|Any CPU.Build.0 = Release|Any CPU
	EndGlobalSection
	GlobalSection(SolutionProperties) = preSolution
		HideSolutionNode = FALSE
	EndGlobalSection
	GlobalSection(NestedProjects) = preSolution
		{08ACA69B-21EA-491A-A03E-8F1EBB9350C3} = {1D587995-D2B1-D47C-23B4-E8E972FA15E9}
		{189138A4-C330-4744-AF91-2D80F0380D46} = {1D587995-D2B1-D47C-23B4-E8E972FA15E9}
	EndGlobalSection
	GlobalSection(ExtensibilityGlobals) = postSolution
		SolutionGuid = {8D2544A6-798F-4BAB-9F6D-CC7A45DE33E6}
	EndGlobalSection
EndGlobal
